
Microsoft Visual Studio Solution File, Format Version 12.00
# Visual Studio 15
VisualStudioVersion = 15.0.27004.2009
MinimumVisualStudioVersion = 10.0.40219.1
Project("{FAE04EC0-301F-11D3-BF4B-00C04F79EFBC}") = "Area51App", "Area51App\Area51App.csproj", "{B85EE8D4-9A09-4FB1-8388-4BAEA7F50382}"
EndProject
Global
	GlobalSection(SolutionConfigurationPlatforms) = preSolution
		Debug|Any CPU = Debug|Any CPU
		Release|Any CPU = Release|Any CPU
	EndGlobalSection
	GlobalSection(ProjectConfigurationPlatforms) = postSolution
		{B85EE8D4-9A09-4FB1-8388-4BAEA7F50382}.Debug|Any CPU.ActiveCfg = Debug|Any CPU
		{B85EE8D4-9A09-4FB1-8388-4BAEA7F50382}.Debug|Any CPU.Build.0 = Debug|Any CPU
		{B85EE8D4-9A09-4FB1-8388-4BAEA7F50382}.Release|Any CPU.ActiveCfg = Release|Any CPU
		{B85EE8D4-9A09-4FB1-8388-4BAEA7F50382}.Release|Any CPU.Build.0 = Release|Any CPU
	EndGlobalSection
	GlobalSection(SolutionProperties) = preSolution
		HideSolutionNode = FALSE
	EndGlobalSection
	GlobalSection(ExtensibilityGlobals) = postSolution
		SolutionGuid = {0D2CD832-3E6F-49A0-8126-7602A93689BD}
	EndGlobalSection
EndGlobal
